
Microsoft Visual Studio Solution File, Format Version 12.00
# Visual Studio Version 17
VisualStudioVersion = 17.7.34031.279
MinimumVisualStudioVersion = 10.0.40219.1
Project("{FAE04EC0-301F-11D3-BF4B-00C04F79EFBC}") = "CSharpTestTask", "CSharpTestTask\CSharpTestTask.csproj", "{C750D97F-A747-406F-A50D-439FC9042C75}"
EndProject
Global
	GlobalSection(SolutionConfigurationPlatforms) = preSolution
		Debug|Any CPU = Debug|Any CPU
		Release|Any CPU = Release|Any CPU
	EndGlobalSection
	GlobalSection(ProjectConfigurationPlatforms) = postSolution
		{C750D97F-A747-406F-A50D-439FC9042C75}.Debug|Any CPU.ActiveCfg = Debug|Any CPU
		{C750D97F-A747-406F-A50D-439FC9042C75}.Debug|Any CPU.Build.0 = Debug|Any CPU
		{C750D97F-A747-406F-A50D-439FC9042C75}.Release|Any CPU.ActiveCfg = Release|Any CPU
		{C750D97F-A747-406F-A50D-439FC9042C75}.Release|Any CPU.Build.0 = Release|Any CPU
	EndGlobalSection
	GlobalSection(SolutionProperties) = preSolution
		HideSolutionNode = FALSE
	EndGlobalSection
	GlobalSection(ExtensibilityGlobals) = postSolution
		SolutionGuid = {F12DB9EF-55EA-42D2-908D-529EA3089B1F}
	EndGlobalSection
EndGlobal
